# This file was autogenerated by uv via the following command:
#    MACOSX_DEPLOYMENT_TARGET=14.0 uv pip compile requirements-build.txt --python-version 3.12 --python-platform aarch64-apple-darwin --no-annotate -o requirements-build-macos.lock
altgraph==0.17.5
macholib==1.16.4
packaging==26.2
pyinstaller==6.21.0
pyinstaller-hooks-contrib==2026.6
setuptools==83.0.0
